// !$*UTF8*$!
{
	archiveVersion = 1;
	classes = {
	};
	objectVersion = 46;
	objects = {

/* Begin PBXBuildFile section */
		14B6CDB618FB085500C3267A /* OpenGL.framework in Frameworks */ = {isa = PBXBuildFile; fileRef = 14B6CDB518FB085500C3267A /* OpenGL.framework */; };
		14B6CDB818FB085B00C3267A /* GLUT.framework in Frameworks */ = {isa = PBXBuildFile; fileRef = 14B6CDB718FB085B00C3267A /* GLUT.framework */; };
		14B6CDBD18FB412E00C3267A /* Wuerfel_mit_Normalen.cpp in Sources */ = {isa = PBXBuildFile; fileRef = 14B6CDBB18FB412E00C3267A /* Wuerfel_mit_Normalen.cpp */; };
		14DD2FEA18FBD07100ABD248 /* teil_2.cpp in Sources */ = {isa = PBXBuildFile; fileRef = 14B6CDB918FB40A100C3267A /* teil_2.cpp */; };
/* End PBXBuildFile section */

/* Begin PBXCopyFilesBuildPhase section */
		14946DE218FB078000B70158 /* CopyFiles */ = {
			isa = PBXCopyFilesBuildPhase;
			buildActionMask = 2147483647;
			dstPath = /usr/share/man/man1/;
			dstSubfolderSpec = 0;
			files = (
			);
			runOnlyForDeploymentPostprocessing = 1;
		};
/* End PBXCopyFilesBuildPhase section */

/* Begin PBXFileReference section */
		14946DE418FB078000B70158 /* opengl-part */ = {isa = PBXFileReference; explicitFileType = "compiled.mach-o.executable"; includeInIndex = 0; path = "opengl-part"; sourceTree = BUILT_PRODUCTS_DIR; };
		14B6CDB318FB082600C3267A /* teil_1.cpp */ = {isa = PBXFileReference; fileEncoding = 4; lastKnownFileType = sourcecode.cpp.cpp; path = teil_1.cpp; sourceTree = SOURCE_ROOT; };
		14B6CDB518FB085500C3267A /* OpenGL.framework */ = {isa = PBXFileReference; lastKnownFileType = wrapper.framework; name = OpenGL.framework; path = System/Library/Frameworks/OpenGL.framework; sourceTree = SDKROOT; };
		14B6CDB718FB085B00C3267A /* GLUT.framework */ = {isa = PBXFileReference; lastKnownFileType = wrapper.framework; name = GLUT.framework; path = System/Library/Frameworks/GLUT.framework; sourceTree = SDKROOT; };
		14B6CDB918FB40A100C3267A /* teil_2.cpp */ = {isa = PBXFileReference; fileEncoding = 4; lastKnownFileType = sourcecode.cpp.cpp; path = teil_2.cpp; sourceTree = SOURCE_ROOT; };
		14B6CDBB18FB412E00C3267A /* Wuerfel_mit_Normalen.cpp */ = {isa = PBXFileReference; fileEncoding = 4; lastKnownFileType = sourcecode.cpp.cpp; name = Wuerfel_mit_Normalen.cpp; path = erweiterungen/Wuerfel_mit_Normalen.cpp; sourceTree = SOURCE_ROOT; };
		14B6CDBC18FB412E00C3267A /* Wuerfel_mit_Normalen.h */ = {isa = PBXFileReference; fileEncoding = 4; lastKnownFileType = sourcecode.c.h; name = Wuerfel_mit_Normalen.h; path = erweiterungen/Wuerfel_mit_Normalen.h; sourceTree = SOURCE_ROOT; };
/* End PBXFileReference section */

/* Begin PBXFrameworksBuildPhase section */
		14946DE118FB078000B70158 /* Frameworks */ = {
			isa = PBXFrameworksBuildPhase;
			buildActionMask = 2147483647;
			files = (
				14B6CDB818FB085B00C3267A /* GLUT.framework in Frameworks */,
				14B6CDB618FB085500C3267A /* OpenGL.framework in Frameworks */,
			);
			runOnlyForDeploymentPostprocessing = 0;
		};
/* End PBXFrameworksBuildPhase section */

/* Begin PBXGroup section */
		14946DDB18FB078000B70158 = {
			isa = PBXGroup;
			children = (
				14B6CDB718FB085B00C3267A /* GLUT.framework */,
				14B6CDB518FB085500C3267A /* OpenGL.framework */,
				14946DE618FB078000B70158 /* opengl-part */,
				14946DE518FB078000B70158 /* Products */,
			);
			sourceTree = "<group>";
		};
		14946DE518FB078000B70158 /* Products */ = {
			isa = PBXGroup;
			children = (
				14946DE418FB078000B70158 /* opengl-part */,
			);
			name = Products;
			sourceTree = "<group>";
		};
		14946DE618FB078000B70158 /* opengl-part */ = {
			isa = PBXGroup;
			children = (
				14B6CDB318FB082600C3267A /* teil_1.cpp */,
				14B6CDB918FB40A100C3267A /* teil_2.cpp */,
				14B6CDBE18FB413200C3267A /* erweiterungen */,
			);
			path = "opengl-part";
			sourceTree = "<group>";
		};
		14B6CDBE18FB413200C3267A /* erweiterungen */ = {
			isa = PBXGroup;
			children = (
				14B6CDBB18FB412E00C3267A /* Wuerfel_mit_Normalen.cpp */,
				14B6CDBC18FB412E00C3267A /* Wuerfel_mit_Normalen.h */,
			);
			name = erweiterungen;
			sourceTree = "<group>";
		};
/* End PBXGroup section */

/* Begin PBXNativeTarget section */
		14946DE318FB078000B70158 /* opengl-part */ = {
			isa = PBXNativeTarget;
			buildConfigurationList = 14946DED18FB078000B70158 /* Build configuration list for PBXNativeTarget "opengl-part" */;
			buildPhases = (
				14946DE018FB078000B70158 /* Sources */,
				14946DE118FB078000B70158 /* Frameworks */,
				14946DE218FB078000B70158 /* CopyFiles */,
			);
			buildRules = (
			);
			dependencies = (
			);
			name = "opengl-part";
			productName = "opengl-part";
			productReference = 14946DE418FB078000B70158 /* opengl-part */;
			productType = "com.apple.product-type.tool";
		};
/* End PBXNativeTarget section */

/* Begin PBXProject section */
		14946DDC18FB078000B70158 /* Project object */ = {
			isa = PBXProject;
			attributes = {
				LastUpgradeCheck = 0510;
				ORGANIZATIONNAME = "Arne Bahlo";
			};
			buildConfigurationList = 14946DDF18FB078000B70158 /* Build configuration list for PBXProject "opengl-part" */;
			compatibilityVersion = "Xcode 3.2";
			developmentRegion = English;
			hasScannedForEncodings = 0;
			knownRegions = (
				en,
			);
			mainGroup = 14946DDB18FB078000B70158;
			productRefGroup = 14946DE518FB078000B70158 /* Products */;
			projectDirPath = "";
			projectRoot = "";
			targets = (
				14946DE318FB078000B70158 /* opengl-part */,
			);
		};
/* End PBXProject section */

/* Begin PBXSourcesBuildPhase section */
		14946DE018FB078000B70158 /* Sources */ = {
			isa = PBXSourcesBuildPhase;
			buildActionMask = 2147483647;
			files = (
				14DD2FEA18FBD07100ABD248 /* teil_2.cpp in Sources */,
				14B6CDBD18FB412E00C3267A /* Wuerfel_mit_Normalen.cpp in Sources */,
			);
			runOnlyForDeploymentPostprocessing = 0;
		};
/* End PBXSourcesBuildPhase section */

/* Begin XCBuildConfiguration section */
		14946DEB18FB078000B70158 /* Debug */ = {
			isa = XCBuildConfiguration;
			buildSettings = {
				ALWAYS_SEARCH_USER_PATHS = NO;
				CLANG_CXX_LANGUAGE_STANDARD = "gnu++0x";
				CLANG_CXX_LIBRARY = "libc++";
				CLANG_ENABLE_MODULES = YES;
				CLANG_ENABLE_OBJC_ARC = YES;
				CLANG_WARN_BOOL_CONVERSION = YES;
				CLANG_WARN_CONSTANT_CONVERSION = YES;
				CLANG_WARN_DIRECT_OBJC_ISA_USAGE = YES_ERROR;
				CLANG_WARN_EMPTY_BODY = YES;
				CLANG_WARN_ENUM_CONVERSION = YES;
				CLANG_WARN_INT_CONVERSION = YES;
				CLANG_WARN_OBJC_ROOT_CLASS = YES_ERROR;
				CLANG_WARN__DUPLICATE_METHOD_MATCH = YES;
				COPY_PHASE_STRIP = NO;
				GCC_C_LANGUAGE_STANDARD = gnu99;
				GCC_DYNAMIC_NO_PIC = NO;
				GCC_ENABLE_OBJC_EXCEPTIONS = YES;
				GCC_OPTIMIZATION_LEVEL = 0;
				GCC_PREPROCESSOR_DEFINITIONS = (
					"DEBUG=1",
					"$(inherited)",
				);
				GCC_SYMBOLS_PRIVATE_EXTERN = NO;
				GCC_WARN_64_TO_32_BIT_CONVERSION = YES;
				GCC_WARN_ABOUT_RETURN_TYPE = YES_ERROR;
				GCC_WARN_UNDECLARED_SELECTOR = YES;
				GCC_WARN_UNINITIALIZED_AUTOS = YES_AGGRESSIVE;
				GCC_WARN_UNUSED_FUNCTION = YES;
				GCC_WARN_UNUSED_VARIABLE = YES;
				MACOSX_DEPLOYMENT_TARGET = 10.9;
				ONLY_ACTIVE_ARCH = YES;
				SDKROOT = macosx;
			};
			name = Debug;
		};
		14946DEC18FB078000B70158 /* Release */ = {
			isa = XCBuildConfiguration;
			buildSettings = {
				ALWAYS_SEARCH_USER_PATHS = NO;
				CLANG_CXX_LANGUAGE_STANDARD = "gnu++0x";
				CLANG_CXX_LIBRARY = "libc++";
				CLANG_ENABLE_MODULES = YES;
				CLANG_ENABLE_OBJC_ARC = YES;
				CLANG_WARN_BOOL_CONVERSION = YES;
				CLANG_WARN_CONSTANT_CONVERSION = YES;
				CLANG_WARN_DIRECT_OBJC_ISA_USAGE = YES_ERROR;
				CLANG_WARN_EMPTY_BODY = YES;
				CLANG_WARN_ENUM_CONVERSION = YES;
				CLANG_WARN_INT_CONVERSION = YES;
				CLANG_WARN_OBJC_ROOT_CLASS = YES_ERROR;
				CLANG_WARN__DUPLICATE_METHOD_MATCH = YES;
				COPY_PHASE_STRIP = YES;
				DEBUG_INFORMATION_FORMAT = "dwarf-with-dsym";
				ENABLE_NS_ASSERTIONS = NO;
				GCC_C_LANGUAGE_STANDARD = gnu99;
				GCC_ENABLE_OBJC_EXCEPTIONS = YES;
				GCC_WARN_64_TO_32_BIT_CONVERSION = YES;
				GCC_WARN_ABOUT_RETURN_TYPE = YES_ERROR;
				GCC_WARN_UNDECLARED_SELECTOR = YES;
				GCC_WARN_UNINITIALIZED_AUTOS = YES_AGGRESSIVE;
				GCC_WARN_UNUSED_FUNCTION = YES;
				GCC_WARN_UNUSED_VARIABLE = YES;
				MACOSX_DEPLOYMENT_TARGET = 10.9;
				SDKROOT = macosx;
			};
			name = Release;
		};
		14946DEE18FB078000B70158 /* Debug */ = {
			isa = XCBuildConfiguration;
			buildSettings = {
				PRODUCT_NAME = "$(TARGET_NAME)";
			};
			name = Debug;
		};
		14946DEF18FB078000B70158 /* Release */ = {
			isa = XCBuildConfiguration;
			buildSettings = {
				PRODUCT_NAME = "$(TARGET_NAME)";
			};
			name = Release;
		};
/* End XCBuildConfiguration section */

/* Begin XCConfigurationList section */
		14946DDF18FB078000B70158 /* Build configuration list for PBXProject "opengl-part" */ = {
			isa = XCConfigurationList;
			buildConfigurations = (
				14946DEB18FB078000B70158 /* Debug */,
				14946DEC18FB078000B70158 /* Release */,
			);
			defaultConfigurationIsVisible = 0;
			defaultConfigurationName = Release;
		};
		14946DED18FB078000B70158 /* Build configuration list for PBXNativeTarget "opengl-part" */ = {
			isa = XCConfigurationList;
			buildConfigurations = (
				14946DEE18FB078000B70158 /* Debug */,
				14946DEF18FB078000B70158 /* Release */,
			);
			defaultConfigurationIsVisible = 0;
			defaultConfigurationName = Release;
		};
/* End XCConfigurationList section */
	};
	rootObject = 14946DDC18FB078000B70158 /* Project object */;
}
